// !$*UTF8*$!
{
	archiveVersion = 1;
	classes = {
	};
	objectVersion = 46;
	objects = {

/* Begin PBXBuildFile section */
		972B392D1C20CF5800A6D716 /* AppDelegate.m in Sources */ = {isa = PBXBuildFile; fileRef = 972B392C1C20CF5800A6D716 /* AppDelegate.m */; };
		972B39301C20CF5800A6D716 /* main.m in Sources */ = {isa = PBXBuildFile; fileRef = 972B392F1C20CF5800A6D716 /* main.m */; };
		972B39331C20CF5800A6D716 /* ViewController.m in Sources */ = {isa = PBXBuildFile; fileRef = 972B39321C20CF5800A6D716 /* ViewController.m */; };
		972B39351C20CF5800A6D716 /* Assets.xcassets in Resources */ = {isa = PBXBuildFile; fileRef = 972B39341C20CF5800A6D716 /* Assets.xcassets */; };
		972B39381C20CF5800A6D716 /* Main.storyboard in Resources */ = {isa = PBXBuildFile; fileRef = 972B39361C20CF5800A6D716 /* Main.storyboard */; };
		972B39431C20CF5900A6D716 /* harmonyTests.m in Sources */ = {isa = PBXBuildFile; fileRef = 972B39421C20CF5900A6D716 /* harmonyTests.m */; };
		972B394E1C20CF5900A6D716 /* harmonyUITests.m in Sources */ = {isa = PBXBuildFile; fileRef = 972B394D1C20CF5900A6D716 /* harmonyUITests.m */; };
		972B39631C20DABA00A6D716 /* shareControl.m in Sources */ = {isa = PBXBuildFile; fileRef = 972B39621C20DABA00A6D716 /* shareControl.m */; };
		978854881C42401C004A5ED5 /* XMLphares.m in Sources */ = {isa = PBXBuildFile; fileRef = 978854871C42401C004A5ED5 /* XMLphares.m */; };
		9788548B1C424053004A5ED5 /* GRSxmlphares.m in Sources */ = {isa = PBXBuildFile; fileRef = 9788548A1C424053004A5ED5 /* GRSxmlphares.m */; };
		9799A89A1C2AB1290076374A /* LoadSaveInterface.m in Sources */ = {isa = PBXBuildFile; fileRef = 9799A8991C2AB1290076374A /* LoadSaveInterface.m */; };
		97D528401C2612C800500231 /* myView.m in Sources */ = {isa = PBXBuildFile; fileRef = 972B395C1C20DA7B00A6D716 /* myView.m */; };
/* End PBXBuildFile section */

/* Begin PBXContainerItemProxy section */
		972B393F1C20CF5900A6D716 /* PBXContainerItemProxy */ = {
			isa = PBXContainerItemProxy;
			containerPortal = 972B39201C20CF5800A6D716 /* Project object */;
			proxyType = 1;
			remoteGlobalIDString = 972B39271C20CF5800A6D716;
			remoteInfo = harmony;
		};
		972B394A1C20CF5900A6D716 /* PBXContainerItemProxy */ = {
			isa = PBXContainerItemProxy;
			containerPortal = 972B39201C20CF5800A6D716 /* Project object */;
			proxyType = 1;
			remoteGlobalIDString = 972B39271C20CF5800A6D716;
			remoteInfo = harmony;
		};
/* End PBXContainerItemProxy section */

/* Begin PBXFileReference section */
		972B39281C20CF5800A6D716 /* Harmony.app */ = {isa = PBXFileReference; explicitFileType = wrapper.application; includeInIndex = 0; path = Harmony.app; sourceTree = BUILT_PRODUCTS_DIR; };
		972B392B1C20CF5800A6D716 /* AppDelegate.h */ = {isa = PBXFileReference; lastKnownFileType = sourcecode.c.h; path = AppDelegate.h; sourceTree = "<group>"; };
		972B392C1C20CF5800A6D716 /* AppDelegate.m */ = {isa = PBXFileReference; lastKnownFileType = sourcecode.c.objc; path = AppDelegate.m; sourceTree = "<group>"; };
		972B392F1C20CF5800A6D716 /* main.m */ = {isa = PBXFileReference; lastKnownFileType = sourcecode.c.objc; path = main.m; sourceTree = "<group>"; };
		972B39311C20CF5800A6D716 /* ViewController.h */ = {isa = PBXFileReference; lastKnownFileType = sourcecode.c.h; path = ViewController.h; sourceTree = "<group>"; };
		972B39321C20CF5800A6D716 /* ViewController.m */ = {isa = PBXFileReference; lastKnownFileType = sourcecode.c.objc; path = ViewController.m; sourceTree = "<group>"; };
		972B39341C20CF5800A6D716 /* Assets.xcassets */ = {isa = PBXFileReference; lastKnownFileType = folder.assetcatalog; path = Assets.xcassets; sourceTree = "<group>"; };
		972B39371C20CF5800A6D716 /* Base */ = {isa = PBXFileReference; lastKnownFileType = file.storyboard; name = Base; path = Base.lproj/Main.storyboard; sourceTree = "<group>"; };
		972B39391C20CF5800A6D716 /* Info.plist */ = {isa = PBXFileReference; lastKnownFileType = text.plist.xml; path = Info.plist; sourceTree = "<group>"; };
		972B393E1C20CF5900A6D716 /* harmonyTests.xctest */ = {isa = PBXFileReference; explicitFileType = wrapper.cfbundle; includeInIndex = 0; path = harmonyTests.xctest; sourceTree = BUILT_PRODUCTS_DIR; };
		972B39421C20CF5900A6D716 /* harmonyTests.m */ = {isa = PBXFileReference; lastKnownFileType = sourcecode.c.objc; path = harmonyTests.m; sourceTree = "<group>"; };
		972B39441C20CF5900A6D716 /* Info.plist */ = {isa = PBXFileReference; lastKnownFileType = text.plist.xml; path = Info.plist; sourceTree = "<group>"; };
		972B39491C20CF5900A6D716 /* harmonyUITests.xctest */ = {isa = PBXFileReference; explicitFileType = wrapper.cfbundle; includeInIndex = 0; path = harmonyUITests.xctest; sourceTree = BUILT_PRODUCTS_DIR; };
		972B394D1C20CF5900A6D716 /* harmonyUITests.m */ = {isa = PBXFileReference; lastKnownFileType = sourcecode.c.objc; path = harmonyUITests.m; sourceTree = "<group>"; };
		972B394F1C20CF5900A6D716 /* Info.plist */ = {isa = PBXFileReference; lastKnownFileType = text.plist.xml; path = Info.plist; sourceTree = "<group>"; };
		972B395B1C20DA7B00A6D716 /* myView.h */ = {isa = PBXFileReference; fileEncoding = 4; lastKnownFileType = sourcecode.c.h; path = myView.h; sourceTree = "<group>"; };
		972B395C1C20DA7B00A6D716 /* myView.m */ = {isa = PBXFileReference; fileEncoding = 4; lastKnownFileType = sourcecode.c.objc; path = myView.m; sourceTree = "<group>"; };
		972B39611C20DABA00A6D716 /* shareControl.h */ = {isa = PBXFileReference; fileEncoding = 4; lastKnownFileType = sourcecode.c.h; path = shareControl.h; sourceTree = "<group>"; };
		972B39621C20DABA00A6D716 /* shareControl.m */ = {isa = PBXFileReference; fileEncoding = 4; lastKnownFileType = sourcecode.c.objc; path = shareControl.m; sourceTree = "<group>"; };
		978854861C42401C004A5ED5 /* XMLphares.h */ = {isa = PBXFileReference; fileEncoding = 4; lastKnownFileType = sourcecode.c.h; path = XMLphares.h; sourceTree = "<group>"; };
		978854871C42401C004A5ED5 /* XMLphares.m */ = {isa = PBXFileReference; fileEncoding = 4; lastKnownFileType = sourcecode.c.objc; path = XMLphares.m; sourceTree = "<group>"; };
		978854891C424053004A5ED5 /* GRSxmlphares.h */ = {isa = PBXFileReference; fileEncoding = 4; lastKnownFileType = sourcecode.c.h; path = GRSxmlphares.h; sourceTree = "<group>"; };
		9788548A1C424053004A5ED5 /* GRSxmlphares.m */ = {isa = PBXFileReference; fileEncoding = 4; lastKnownFileType = sourcecode.c.objc; path = GRSxmlphares.m; sourceTree = "<group>"; };
		9799A8981C2AB1290076374A /* LoadSaveInterface.h */ = {isa = PBXFileReference; fileEncoding = 4; lastKnownFileType = sourcecode.c.h; path = LoadSaveInterface.h; sourceTree = "<group>"; };
		9799A8991C2AB1290076374A /* LoadSaveInterface.m */ = {isa = PBXFileReference; fileEncoding = 4; lastKnownFileType = sourcecode.c.objc; path = LoadSaveInterface.m; sourceTree = "<group>"; };
/* End PBXFileReference section */

/* Begin PBXFrameworksBuildPhase section */
		972B39251C20CF5800A6D716 /* Frameworks */ = {
			isa = PBXFrameworksBuildPhase;
			buildActionMask = 2147483647;
			files = (
			);
			runOnlyForDeploymentPostprocessing = 0;
		};
		972B393B1C20CF5900A6D716 /* Frameworks */ = {
			isa = PBXFrameworksBuildPhase;
			buildActionMask = 2147483647;
			files = (
			);
			runOnlyForDeploymentPostprocessing = 0;
		};
		972B39461C20CF5900A6D716 /* Frameworks */ = {
			isa = PBXFrameworksBuildPhase;
			buildActionMask = 2147483647;
			files = (
			);
			runOnlyForDeploymentPostprocessing = 0;
		};
/* End PBXFrameworksBuildPhase section */

/* Begin PBXGroup section */
		972B391F1C20CF5800A6D716 = {
			isa = PBXGroup;
			children = (
				972B392A1C20CF5800A6D716 /* harmony */,
				972B39411C20CF5900A6D716 /* harmonyTests */,
				972B394C1C20CF5900A6D716 /* harmonyUITests */,
				972B39291C20CF5800A6D716 /* Products */,
			);
			sourceTree = "<group>";
		};
		972B39291C20CF5800A6D716 /* Products */ = {
			isa = PBXGroup;
			children = (
				972B39281C20CF5800A6D716 /* Harmony.app */,
				972B393E1C20CF5900A6D716 /* harmonyTests.xctest */,
				972B39491C20CF5900A6D716 /* harmonyUITests.xctest */,
			);
			name = Products;
			sourceTree = "<group>";
		};
		972B392A1C20CF5800A6D716 /* harmony */ = {
			isa = PBXGroup;
			children = (
				978450091C4246EF0023A985 /* view */,
				978450081C4246BF0023A985 /* class */,
				972B392B1C20CF5800A6D716 /* AppDelegate.h */,
				972B392C1C20CF5800A6D716 /* AppDelegate.m */,
				972B39341C20CF5800A6D716 /* Assets.xcassets */,
				972B39361C20CF5800A6D716 /* Main.storyboard */,
				972B39391C20CF5800A6D716 /* Info.plist */,
				972B392E1C20CF5800A6D716 /* Supporting Files */,
			);
			path = harmony;
			sourceTree = "<group>";
		};
		972B392E1C20CF5800A6D716 /* Supporting Files */ = {
			isa = PBXGroup;
			children = (
				972B392F1C20CF5800A6D716 /* main.m */,
			);
			name = "Supporting Files";
			sourceTree = "<group>";
		};
		972B39411C20CF5900A6D716 /* harmonyTests */ = {
			isa = PBXGroup;
			children = (
				972B39421C20CF5900A6D716 /* harmonyTests.m */,
				972B39441C20CF5900A6D716 /* Info.plist */,
			);
			path = harmonyTests;
			sourceTree = "<group>";
		};
		972B394C1C20CF5900A6D716 /* harmonyUITests */ = {
			isa = PBXGroup;
			children = (
				972B394D1C20CF5900A6D716 /* harmonyUITests.m */,
				972B394F1C20CF5900A6D716 /* Info.plist */,
			);
			path = harmonyUITests;
			sourceTree = "<group>";
		};
		978450081C4246BF0023A985 /* class */ = {
			isa = PBXGroup;
			children = (
				9799A8981C2AB1290076374A /* LoadSaveInterface.h */,
				9799A8991C2AB1290076374A /* LoadSaveInterface.m */,
				978854861C42401C004A5ED5 /* XMLphares.h */,
				978854871C42401C004A5ED5 /* XMLphares.m */,
				978854891C424053004A5ED5 /* GRSxmlphares.h */,
				9788548A1C424053004A5ED5 /* GRSxmlphares.m */,
				972B39611C20DABA00A6D716 /* shareControl.h */,
				972B39621C20DABA00A6D716 /* shareControl.m */,
			);
			name = class;
			sourceTree = "<group>";
		};
		978450091C4246EF0023A985 /* view */ = {
			isa = PBXGroup;
			children = (
				972B39311C20CF5800A6D716 /* ViewController.h */,
				972B39321C20CF5800A6D716 /* ViewController.m */,
				972B395B1C20DA7B00A6D716 /* myView.h */,
				972B395C1C20DA7B00A6D716 /* myView.m */,
			);
			name = view;
			sourceTree = "<group>";
		};
/* End PBXGroup section */

/* Begin PBXNativeTarget section */
		972B39271C20CF5800A6D716 /* harmony */ = {
			isa = PBXNativeTarget;
			buildConfigurationList = 972B39521C20CF5900A6D716 /* Build configuration list for PBXNativeTarget "harmony" */;
			buildPhases = (
				972B39241C20CF5800A6D716 /* Sources */,
				972B39251C20CF5800A6D716 /* Frameworks */,
				972B39261C20CF5800A6D716 /* Resources */,
			);
			buildRules = (
			);
			dependencies = (
			);
			name = harmony;
			productName = harmony;
			productReference = 972B39281C20CF5800A6D716 /* Harmony.app */;
			productType = "com.apple.product-type.application";
		};
		972B393D1C20CF5900A6D716 /* harmonyTests */ = {
			isa = PBXNativeTarget;
			buildConfigurationList = 972B39551C20CF5900A6D716 /* Build configuration list for PBXNativeTarget "harmonyTests" */;
			buildPhases = (
				972B393A1C20CF5900A6D716 /* Sources */,
				972B393B1C20CF5900A6D716 /* Frameworks */,
				972B393C1C20CF5900A6D716 /* Resources */,
			);
			buildRules = (
			);
			dependencies = (
				972B39401C20CF5900A6D716 /* PBXTargetDependency */,
			);
			name = harmonyTests;
			productName = harmonyTests;
			productReference = 972B393E1C20CF5900A6D716 /* harmonyTests.xctest */;
			productType = "com.apple.product-type.bundle.unit-test";
		};
		972B39481C20CF5900A6D716 /* harmonyUITests */ = {
			isa = PBXNativeTarget;
			buildConfigurationList = 972B39581C20CF5900A6D716 /* Build configuration list for PBXNativeTarget "harmonyUITests" */;
			buildPhases = (
				972B39451C20CF5900A6D716 /* Sources */,
				972B39461C20CF5900A6D716 /* Frameworks */,
				972B39471C20CF5900A6D716 /* Resources */,
			);
			buildRules = (
			);
			dependencies = (
				972B394B1C20CF5900A6D716 /* PBXTargetDependency */,
			);
			name = harmonyUITests;
			productName = harmonyUITests;
			productReference = 972B39491C20CF5900A6D716 /* harmonyUITests.xctest */;
			productType = "com.apple.product-type.bundle.ui-testing";
		};
/* End PBXNativeTarget section */

/* Begin PBXProject section */
		972B39201C20CF5800A6D716 /* Project object */ = {
			isa = PBXProject;
			attributes = {
				LastUpgradeCheck = 0720;
				ORGANIZATIONNAME = "andrew hazlett";
				TargetAttributes = {
					972B39271C20CF5800A6D716 = {
						CreatedOnToolsVersion = 7.2;
						DevelopmentTeam = 7QPZTLEJ7L;
					};
					972B393D1C20CF5900A6D716 = {
						CreatedOnToolsVersion = 7.2;
						TestTargetID = 972B39271C20CF5800A6D716;
					};
					972B39481C20CF5900A6D716 = {
						CreatedOnToolsVersion = 7.2;
						TestTargetID = 972B39271C20CF5800A6D716;
					};
				};
			};
			buildConfigurationList = 972B39231C20CF5800A6D716 /* Build configuration list for PBXProject "harmony" */;
			compatibilityVersion = "Xcode 3.2";
			developmentRegion = English;
			hasScannedForEncodings = 0;
			knownRegions = (
				en,
				Base,
			);
			mainGroup = 972B391F1C20CF5800A6D716;
			productRefGroup = 972B39291C20CF5800A6D716 /* Products */;
			projectDirPath = "";
			projectRoot = "";
			targets = (
				972B39271C20CF5800A6D716 /* harmony */,
				972B393D1C20CF5900A6D716 /* harmonyTests */,
				972B39481C20CF5900A6D716 /* harmonyUITests */,
			);
		};
/* End PBXProject section */

/* Begin PBXResourcesBuildPhase section */
		972B39261C20CF5800A6D716 /* Resources */ = {
			isa = PBXResourcesBuildPhase;
			buildActionMask = 2147483647;
			files = (
				972B39351C20CF5800A6D716 /* Assets.xcassets in Resources */,
				972B39381C20CF5800A6D716 /* Main.storyboard in Resources */,
			);
			runOnlyForDeploymentPostprocessing = 0;
		};
		972B393C1C20CF5900A6D716 /* Resources */ = {
			isa = PBXResourcesBuildPhase;
			buildActionMask = 2147483647;
			files = (
			);
			runOnlyForDeploymentPostprocessing = 0;
		};
		972B39471C20CF5900A6D716 /* Resources */ = {
			isa = PBXResourcesBuildPhase;
			buildActionMask = 2147483647;
			files = (
			);
			runOnlyForDeploymentPostprocessing = 0;
		};
/* End PBXResourcesBuildPhase section */

/* Begin PBXSourcesBuildPhase section */
		972B39241C20CF5800A6D716 /* Sources */ = {
			isa = PBXSourcesBuildPhase;
			buildActionMask = 2147483647;
			files = (
				972B39331C20CF5800A6D716 /* ViewController.m in Sources */,
				9788548B1C424053004A5ED5 /* GRSxmlphares.m in Sources */,
				9799A89A1C2AB1290076374A /* LoadSaveInterface.m in Sources */,
				978854881C42401C004A5ED5 /* XMLphares.m in Sources */,
				972B39301C20CF5800A6D716 /* main.m in Sources */,
				972B39631C20DABA00A6D716 /* shareControl.m in Sources */,
				97D528401C2612C800500231 /* myView.m in Sources */,
				972B392D1C20CF5800A6D716 /* AppDelegate.m in Sources */,
			);
			runOnlyForDeploymentPostprocessing = 0;
		};
		972B393A1C20CF5900A6D716 /* Sources */ = {
			isa = PBXSourcesBuildPhase;
			buildActionMask = 2147483647;
			files = (
				972B39431C20CF5900A6D716 /* harmonyTests.m in Sources */,
			);
			runOnlyForDeploymentPostprocessing = 0;
		};
		972B39451C20CF5900A6D716 /* Sources */ = {
			isa = PBXSourcesBuildPhase;
			buildActionMask = 2147483647;
			files = (
				972B394E1C20CF5900A6D716 /* harmonyUITests.m in Sources */,
			);
			runOnlyForDeploymentPostprocessing = 0;
		};
/* End PBXSourcesBuildPhase section */

/* Begin PBXTargetDependency section */
		972B39401C20CF5900A6D716 /* PBXTargetDependency */ = {
			isa = PBXTargetDependency;
			target = 972B39271C20CF5800A6D716 /* harmony */;
			targetProxy = 972B393F1C20CF5900A6D716 /* PBXContainerItemProxy */;
		};
		972B394B1C20CF5900A6D716 /* PBXTargetDependency */ = {
			isa = PBXTargetDependency;
			target = 972B39271C20CF5800A6D716 /* harmony */;
			targetProxy = 972B394A1C20CF5900A6D716 /* PBXContainerItemProxy */;
		};
/* End PBXTargetDependency section */

/* Begin PBXVariantGroup section */
		972B39361C20CF5800A6D716 /* Main.storyboard */ = {
			isa = PBXVariantGroup;
			children = (
				972B39371C20CF5800A6D716 /* Base */,
			);
			name = Main.storyboard;
			sourceTree = "<group>";
		};
/* End PBXVariantGroup section */

/* Begin XCBuildConfiguration section */
		972B39501C20CF5900A6D716 /* Debug */ = {
			isa = XCBuildConfiguration;
			buildSettings = {
				ALWAYS_SEARCH_USER_PATHS = NO;
				CLANG_CXX_LANGUAGE_STANDARD = "gnu++0x";
				CLANG_CXX_LIBRARY = "libc++";
				CLANG_ENABLE_MODULES = YES;
				CLANG_ENABLE_OBJC_ARC = YES;
				CLANG_WARN_BOOL_CONVERSION = YES;
				CLANG_WARN_CONSTANT_CONVERSION = YES;
				CLANG_WARN_DIRECT_OBJC_ISA_USAGE = YES_ERROR;
				CLANG_WARN_EMPTY_BODY = YES;
				CLANG_WARN_ENUM_CONVERSION = YES;
				CLANG_WARN_INT_CONVERSION = YES;
				CLANG_WARN_OBJC_ROOT_CLASS = YES_ERROR;
				CLANG_WARN_UNREACHABLE_CODE = YES;
				CLANG_WARN__DUPLICATE_METHOD_MATCH = YES;
				CODE_SIGN_IDENTITY = "-";
				COPY_PHASE_STRIP = NO;
				DEBUG_INFORMATION_FORMAT = dwarf;
				ENABLE_STRICT_OBJC_MSGSEND = YES;
				ENABLE_TESTABILITY = YES;
				GCC_C_LANGUAGE_STANDARD = gnu99;
				GCC_DYNAMIC_NO_PIC = NO;
				GCC_NO_COMMON_BLOCKS = YES;
				GCC_OPTIMIZATION_LEVEL = 0;
				GCC_PREPROCESSOR_DEFINITIONS = (
					"DEBUG=1",
					"$(inherited)",
				);
				GCC_WARN_64_TO_32_BIT_CONVERSION = YES;
				GCC_WARN_ABOUT_RETURN_TYPE = YES_ERROR;
				GCC_WARN_UNDECLARED_SELECTOR = YES;
				GCC_WARN_UNINITIALIZED_AUTOS = YES_AGGRESSIVE;
				GCC_WARN_UNUSED_FUNCTION = YES;
				GCC_WARN_UNUSED_VARIABLE = YES;
				MACOSX_DEPLOYMENT_TARGET = 10.11;
				MTL_ENABLE_DEBUG_INFO = YES;
				ONLY_ACTIVE_ARCH = YES;
				SDKROOT = macosx;
			};
			name = Debug;
		};
		972B39511C20CF5900A6D716 /* Release */ = {
			isa = XCBuildConfiguration;
			buildSettings = {
				ALWAYS_SEARCH_USER_PATHS = NO;
				CLANG_CXX_LANGUAGE_STANDARD = "gnu++0x";
				CLANG_CXX_LIBRARY = "libc++";
				CLANG_ENABLE_MODULES = YES;
				CLANG_ENABLE_OBJC_ARC = YES;
				CLANG_WARN_BOOL_CONVERSION = YES;
				CLANG_WARN_CONSTANT_CONVERSION = YES;
				CLANG_WARN_DIRECT_OBJC_ISA_USAGE = YES_ERROR;
				CLANG_WARN_EMPTY_BODY = YES;
				CLANG_WARN_ENUM_CONVERSION = YES;
				CLANG_WARN_INT_CONVERSION = YES;
				CLANG_WARN_OBJC_ROOT_CLASS = YES_ERROR;
				CLANG_WARN_UNREACHABLE_CODE = YES;
				CLANG_WARN__DUPLICATE_METHOD_MATCH = YES;
				CODE_SIGN_IDENTITY = "-";
				COPY_PHASE_STRIP = NO;
				DEBUG_INFORMATION_FORMAT = "dwarf-with-dsym";
				ENABLE_NS_ASSERTIONS = NO;
				ENABLE_STRICT_OBJC_MSGSEND = YES;
				GCC_C_LANGUAGE_STANDARD = gnu99;
				GCC_NO_COMMON_BLOCKS = YES;
				GCC_WARN_64_TO_32_BIT_CONVERSION = YES;
				GCC_WARN_ABOUT_RETURN_TYPE = YES_ERROR;
				GCC_WARN_UNDECLARED_SELECTOR = YES;
				GCC_WARN_UNINITIALIZED_AUTOS = YES_AGGRESSIVE;
				GCC_WARN_UNUSED_FUNCTION = YES;
				GCC_WARN_UNUSED_VARIABLE = YES;
				MACOSX_DEPLOYMENT_TARGET = 10.11;
				MTL_ENABLE_DEBUG_INFO = NO;
				SDKROOT = macosx;
			};
			name = Release;
		};
		972B39531C20CF5900A6D716 /* Debug */ = {
			isa = XCBuildConfiguration;
			buildSettings = {
				ASSETCATALOG_COMPILER_APPICON_NAME = AppIcon;
				CODE_SIGN_IDENTITY = "Developer ID Application";
				COMBINE_HIDPI_IMAGES = YES;
				INFOPLIST_FILE = harmony/Info.plist;
				LD_RUNPATH_SEARCH_PATHS = "$(inherited) @executable_path/../Frameworks";
				MACOSX_DEPLOYMENT_TARGET = 10.9;
				PRODUCT_BUNDLE_IDENTIFIER = com.gamerocketstudio.harmony;
				PRODUCT_NAME = Harmony;
			};
			name = Debug;
		};
		972B39541C20CF5900A6D716 /* Release */ = {
			isa = XCBuildConfiguration;
			buildSettings = {
				ASSETCATALOG_COMPILER_APPICON_NAME = AppIcon;
				CODE_SIGN_IDENTITY = "Developer ID Application";
				COMBINE_HIDPI_IMAGES = YES;
				INFOPLIST_FILE = harmony/Info.plist;
				LD_RUNPATH_SEARCH_PATHS = "$(inherited) @executable_path/../Frameworks";
				MACOSX_DEPLOYMENT_TARGET = 10.9;
				PRODUCT_BUNDLE_IDENTIFIER = com.gamerocketstudio.harmony;
				PRODUCT_NAME = Harmony;
			};
			name = Release;
		};
		972B39561C20CF5900A6D716 /* Debug */ = {
			isa = XCBuildConfiguration;
			buildSettings = {
				BUNDLE_LOADER = "$(TEST_HOST)";
				COMBINE_HIDPI_IMAGES = YES;
				INFOPLIST_FILE = harmonyTests/Info.plist;
				LD_RUNPATH_SEARCH_PATHS = "$(inherited) @executable_path/../Frameworks @loader_path/../Frameworks";
				PRODUCT_BUNDLE_IDENTIFIER = com.gamerocketstudio.harmonyTests;
				PRODUCT_NAME = "$(TARGET_NAME)";
				TEST_HOST = "$(BUILT_PRODUCTS_DIR)/harmony.app/Contents/MacOS/harmony";
			};
			name = Debug;
		};
		972B39571C20CF5900A6D716 /* Release */ = {
			isa = XCBuildConfiguration;
			buildSettings = {
				BUNDLE_LOADER = "$(TEST_HOST)";
				COMBINE_HIDPI_IMAGES = YES;
				INFOPLIST_FILE = harmonyTests/Info.plist;
				LD_RUNPATH_SEARCH_PATHS = "$(inherited) @executable_path/../Frameworks @loader_path/../Frameworks";
				PRODUCT_BUNDLE_IDENTIFIER = com.gamerocketstudio.harmonyTests;
				PRODUCT_NAME = "$(TARGET_NAME)";
				TEST_HOST = "$(BUILT_PRODUCTS_DIR)/harmony.app/Contents/MacOS/harmony";
			};
			name = Release;
		};
		972B39591C20CF5900A6D716 /* Debug */ = {
			isa = XCBuildConfiguration;
			buildSettings = {
				COMBINE_HIDPI_IMAGES = YES;
				INFOPLIST_FILE = harmonyUITests/Info.plist;
				LD_RUNPATH_SEARCH_PATHS = "$(inherited) @executable_path/../Frameworks @loader_path/../Frameworks";
				PRODUCT_BUNDLE_IDENTIFIER = com.gamerocketstudio.harmonyUITests;
				PRODUCT_NAME = "$(TARGET_NAME)";
				TEST_TARGET_NAME = harmony;
				USES_XCTRUNNER = YES;
			};
			name = Debug;
		};
		972B395A1C20CF5900A6D716 /* Release */ = {
			isa = XCBuildConfiguration;
			buildSettings = {
				COMBINE_HIDPI_IMAGES = YES;
				INFOPLIST_FILE = harmonyUITests/Info.plist;
				LD_RUNPATH_SEARCH_PATHS = "$(inherited) @executable_path/../Frameworks @loader_path/../Frameworks";
				PRODUCT_BUNDLE_IDENTIFIER = com.gamerocketstudio.harmonyUITests;
				PRODUCT_NAME = "$(TARGET_NAME)";
				TEST_TARGET_NAME = harmony;
				USES_XCTRUNNER = YES;
			};
			name = Release;
		};
/* End XCBuildConfiguration section */

/* Begin XCConfigurationList section */
		972B39231C20CF5800A6D716 /* Build configuration list for PBXProject "harmony" */ = {
			isa = XCConfigurationList;
			buildConfigurations = (
				972B39501C20CF5900A6D716 /* Debug */,
				972B39511C20CF5900A6D716 /* Release */,
			);
			defaultConfigurationIsVisible = 0;
			defaultConfigurationName = Release;
		};
		972B39521C20CF5900A6D716 /* Build configuration list for PBXNativeTarget "harmony" */ = {
			isa = XCConfigurationList;
			buildConfigurations = (
				972B39531C20CF5900A6D716 /* Debug */,
				972B39541C20CF5900A6D716 /* Release */,
			);
			defaultConfigurationIsVisible = 0;
			defaultConfigurationName = Release;
		};
		972B39551C20CF5900A6D716 /* Build configuration list for PBXNativeTarget "harmonyTests" */ = {
			isa = XCConfigurationList;
			buildConfigurations = (
				972B39561C20CF5900A6D716 /* Debug */,
				972B39571C20CF5900A6D716 /* Release */,
			);
			defaultConfigurationIsVisible = 0;
			defaultConfigurationName = Release;
		};
		972B39581C20CF5900A6D716 /* Build configuration list for PBXNativeTarget "harmonyUITests" */ = {
			isa = XCConfigurationList;
			buildConfigurations = (
				972B39591C20CF5900A6D716 /* Debug */,
				972B395A1C20CF5900A6D716 /* Release */,
			);
			defaultConfigurationIsVisible = 0;
			defaultConfigurationName = Release;
		};
/* End XCConfigurationList section */
	};
	rootObject = 972B39201C20CF5800A6D716 /* Project object */;
}
